
Microsoft Visual Studio Solution File, Format Version 12.00
# Visual Studio Version 16
VisualStudioVersion = 16.0.31321.278
MinimumVisualStudioVersion = 10.0.40219.1
Project("{FAE04EC0-301F-11D3-BF4B-00C04F79EFBC}") = "GrafosIA", "GrafosIA\GrafosIA.csproj", "{FD06492E-D128-4EBD-93C6-2FFFEE0EDDB1}"
EndProject
Global
	GlobalSection(SolutionConfigurationPlatforms) = preSolution
		Debug|Any CPU = Debug|Any CPU
		Release|Any CPU = Release|Any CPU
	EndGlobalSection
	GlobalSection(ProjectConfigurationPlatforms) = postSolution
		{FD06492E-D128-4EBD-93C6-2FFFEE0EDDB1}.Debug|Any CPU.ActiveCfg = Debug|Any CPU
		{FD06492E-D128-4EBD-93C6-2FFFEE0EDDB1}.Debug|Any CPU.Build.0 = Debug|Any CPU
		{FD06492E-D128-4EBD-93C6-2FFFEE0EDDB1}.Release|Any CPU.ActiveCfg = Release|Any CPU
		{FD06492E-D128-4EBD-93C6-2FFFEE0EDDB1}.Release|Any CPU.Build.0 = Release|Any CPU
	EndGlobalSection
	GlobalSection(SolutionProperties) = preSolution
		HideSolutionNode = FALSE
	EndGlobalSection
	GlobalSection(ExtensibilityGlobals) = postSolution
		SolutionGuid = {4F5D3110-4740-453F-A91E-ADB9BBF5689D}
	EndGlobalSection
EndGlobal
